// !$*UTF8*$!
{
	archiveVersion = 1;
	classes = {
	};
	objectVersion = 51;
	objects = {

/* Begin PBXBuildFile section */
		476B76BC239BDFCD00887FB9 /* URLExtensionsTests.swift in Sources */ = {isa = PBXBuildFile; fileRef = 476B76BB239BDFCC00887FB9 /* URLExtensionsTests.swift */; };
		476B76C1239BE07100887FB9 /* TrafficCameraServiceTests.swift in Sources */ = {isa = PBXBuildFile; fileRef = 476B76C0239BE07100887FB9 /* TrafficCameraServiceTests.swift */; };
		476B76C3239BE26C00887FB9 /* PreviewInteractorTests.swift in Sources */ = {isa = PBXBuildFile; fileRef = 476B76C2239BE26C00887FB9 /* PreviewInteractorTests.swift */; };
		476B76C5239BE37E00887FB9 /* PreviewPresenterTests.swift in Sources */ = {isa = PBXBuildFile; fileRef = 476B76C4239BE37E00887FB9 /* PreviewPresenterTests.swift */; };
		476B76CA239BE48400887FB9 /* TrafficCamerasInteractorTests.swift in Sources */ = {isa = PBXBuildFile; fileRef = 476B76C8239BE48400887FB9 /* TrafficCamerasInteractorTests.swift */; };
		476B76CB239BE48400887FB9 /* TrafficCamerasPresenterTests.swift in Sources */ = {isa = PBXBuildFile; fileRef = 476B76C9239BE48400887FB9 /* TrafficCamerasPresenterTests.swift */; };
		476B76CD239BE8B400887FB9 /* TrafficCamerasWorkerTests.swift in Sources */ = {isa = PBXBuildFile; fileRef = 476B76CC239BE8B400887FB9 /* TrafficCamerasWorkerTests.swift */; };
		476B76D0239BEBEB00887FB9 /* Sample.json in Resources */ = {isa = PBXBuildFile; fileRef = 476B76CF239BEBEB00887FB9 /* Sample.json */; };
		476B76D2239BECC300887FB9 /* CameraTests.swift in Sources */ = {isa = PBXBuildFile; fileRef = 476B76D1239BECC300887FB9 /* CameraTests.swift */; };
		476B76D5239C031800887FB9 /* loader.gif in Resources */ = {isa = PBXBuildFile; fileRef = 476B76D4239C031800887FB9 /* loader.gif */; };
		47852EB5239B4C270036178A /* AppDelegate.swift in Sources */ = {isa = PBXBuildFile; fileRef = 47852EB4239B4C270036178A /* AppDelegate.swift */; };
		47852EBA239B4C270036178A /* Main.storyboard in Resources */ = {isa = PBXBuildFile; fileRef = 47852EB8239B4C270036178A /* Main.storyboard */; };
		47852EBC239B4C280036178A /* Assets.xcassets in Resources */ = {isa = PBXBuildFile; fileRef = 47852EBB239B4C280036178A /* Assets.xcassets */; };
		47852EBF239B4C280036178A /* LaunchScreen.storyboard in Resources */ = {isa = PBXBuildFile; fileRef = 47852EBD239B4C280036178A /* LaunchScreen.storyboard */; };
		47852ED5239B4C290036178A /* SingaporeEyesUITests.swift in Sources */ = {isa = PBXBuildFile; fileRef = 47852ED4239B4C290036178A /* SingaporeEyesUITests.swift */; };
		47852EEC239B52330036178A /* TrafficCamerasInterfaces.swift in Sources */ = {isa = PBXBuildFile; fileRef = 47852EE5239B52330036178A /* TrafficCamerasInterfaces.swift */; };
		47852EED239B52330036178A /* TrafficCamerasPresenter.swift in Sources */ = {isa = PBXBuildFile; fileRef = 47852EE6239B52330036178A /* TrafficCamerasPresenter.swift */; };
		47852EEE239B52330036178A /* TrafficCamerasWorker.swift in Sources */ = {isa = PBXBuildFile; fileRef = 47852EE7239B52330036178A /* TrafficCamerasWorker.swift */; };
		47852EEF239B52330036178A /* TrafficCamerasRouter.swift in Sources */ = {isa = PBXBuildFile; fileRef = 47852EE8239B52330036178A /* TrafficCamerasRouter.swift */; };
		47852EF0239B52330036178A /* TrafficCamerasModels.swift in Sources */ = {isa = PBXBuildFile; fileRef = 47852EE9239B52330036178A /* TrafficCamerasModels.swift */; };
		47852EF1239B52330036178A /* TrafficCamerasViewController.swift in Sources */ = {isa = PBXBuildFile; fileRef = 47852EEA239B52330036178A /* TrafficCamerasViewController.swift */; };
		47852EF2239B52330036178A /* TrafficCamerasInteractor.swift in Sources */ = {isa = PBXBuildFile; fileRef = 47852EEB239B52330036178A /* TrafficCamerasInteractor.swift */; };
		47852EF5239B526D0036178A /* WebServiceProtocol.swift in Sources */ = {isa = PBXBuildFile; fileRef = 47852EF4239B526D0036178A /* WebServiceProtocol.swift */; };
		47852EF8239B53710036178A /* Camera.swift in Sources */ = {isa = PBXBuildFile; fileRef = 47852EF7239B53710036178A /* Camera.swift */; };
		47852EFF239B61650036178A /* Result.swift in Sources */ = {isa = PBXBuildFile; fileRef = 47852EFE239B61650036178A /* Result.swift */; };
		47852F01239B61880036178A /* ErrorResult.swift in Sources */ = {isa = PBXBuildFile; fileRef = 47852F00239B61880036178A /* ErrorResult.swift */; };
		47852F03239B62A00036178A /* TrafficCameraService.swift in Sources */ = {isa = PBXBuildFile; fileRef = 47852F02239B62A00036178A /* TrafficCameraService.swift */; };
		47852F09239B69EB0036178A /* FileManagerExtensions.swift in Sources */ = {isa = PBXBuildFile; fileRef = 47852F05239B69EB0036178A /* FileManagerExtensions.swift */; };
		47852F0A239B69EB0036178A /* URLExtensions.swift in Sources */ = {isa = PBXBuildFile; fileRef = 47852F06239B69EB0036178A /* URLExtensions.swift */; };
		47852F0B239B69EB0036178A /* UIViewExtensions.swift in Sources */ = {isa = PBXBuildFile; fileRef = 47852F07239B69EB0036178A /* UIViewExtensions.swift */; };
		47852F0C239B69EB0036178A /* MKMapViewExtensions.swift in Sources */ = {isa = PBXBuildFile; fileRef = 47852F08239B69EB0036178A /* MKMapViewExtensions.swift */; };
		47852F0E239B72140036178A /* DataParser.swift in Sources */ = {isa = PBXBuildFile; fileRef = 47852F0D239B72140036178A /* DataParser.swift */; };
		47852F10239B74450036178A /* TrafficCameraViewDataSource.swift in Sources */ = {isa = PBXBuildFile; fileRef = 47852F0F239B74450036178A /* TrafficCameraViewDataSource.swift */; };
		47852F12239B751B0036178A /* GenericDataSource.swift in Sources */ = {isa = PBXBuildFile; fileRef = 47852F11239B751B0036178A /* GenericDataSource.swift */; };
		47852F1B239B76A40036178A /* MapView.swift in Sources */ = {isa = PBXBuildFile; fileRef = 47852F15239B76A40036178A /* MapView.swift */; };
		47852F1D239B76A40036178A /* MapViewDataSource.swift in Sources */ = {isa = PBXBuildFile; fileRef = 47852F17239B76A40036178A /* MapViewDataSource.swift */; };
		47852F1E239B76A40036178A /* MapView.xib in Resources */ = {isa = PBXBuildFile; fileRef = 47852F18239B76A40036178A /* MapView.xib */; };
		47852F1F239B76A40036178A /* CameraMapViewDelegate.swift in Sources */ = {isa = PBXBuildFile; fileRef = 47852F19239B76A40036178A /* CameraMapViewDelegate.swift */; };
		47852F20239B76A40036178A /* CameraPointAnnotation.swift in Sources */ = {isa = PBXBuildFile; fileRef = 47852F1A239B76A40036178A /* CameraPointAnnotation.swift */; };
		47852F22239B91E40036178A /* AppDisplayable.swift in Sources */ = {isa = PBXBuildFile; fileRef = 47852F21239B91E40036178A /* AppDisplayable.swift */; };
		47852F33239BA9E80036178A /* PreviewInterfaces.swift in Sources */ = {isa = PBXBuildFile; fileRef = 47852F2C239BA9E80036178A /* PreviewInterfaces.swift */; };
		47852F34239BA9E80036178A /* PreviewPresenter.swift in Sources */ = {isa = PBXBuildFile; fileRef = 47852F2D239BA9E80036178A /* PreviewPresenter.swift */; };
		47852F38239BA9E80036178A /* PreviewViewController.swift in Sources */ = {isa = PBXBuildFile; fileRef = 47852F31239BA9E80036178A /* PreviewViewController.swift */; };
		47852F39239BA9E80036178A /* PreviewInteractor.swift in Sources */ = {isa = PBXBuildFile; fileRef = 47852F32239BA9E80036178A /* PreviewInteractor.swift */; };
		47852F3B239BAEFA0036178A /* PreviewModels.swift in Sources */ = {isa = PBXBuildFile; fileRef = 47852F3A239BAEF90036178A /* PreviewModels.swift */; };
		7D1370CE5189CE5A8ADAE72D /* Pods_SingaporeEyes_SingaporeEyesUITests.framework in Frameworks */ = {isa = PBXBuildFile; fileRef = E2F73888DCE6DF010E5F9996 /* Pods_SingaporeEyes_SingaporeEyesUITests.framework */; };
		B13863F2F62944352365E992 /* Pods_SingaporeEyesTests.framework in Frameworks */ = {isa = PBXBuildFile; fileRef = ED26611806A30FC8CE1C9388 /* Pods_SingaporeEyesTests.framework */; };
		D0F371DEF74D0DDCF367C637 /* Pods_SingaporeEyes.framework in Frameworks */ = {isa = PBXBuildFile; fileRef = C1AD3A485B5316C01B22FE3A /* Pods_SingaporeEyes.framework */; };
/* End PBXBuildFile section */

/* Begin PBXContainerItemProxy section */
		47852EC6239B4C290036178A /* PBXContainerItemProxy */ = {
			isa = PBXContainerItemProxy;
			containerPortal = 47852EA9239B4C270036178A /* Project object */;
			proxyType = 1;
			remoteGlobalIDString = 47852EB0239B4C270036178A;
			remoteInfo = SingaporeEyes;
		};
		47852ED1239B4C290036178A /* PBXContainerItemProxy */ = {
			isa = PBXContainerItemProxy;
			containerPortal = 47852EA9239B4C270036178A /* Project object */;
			proxyType = 1;
			remoteGlobalIDString = 47852EB0239B4C270036178A;
			remoteInfo = SingaporeEyes;
		};
/* End PBXContainerItemProxy section */

/* Begin PBXFileReference section */
		234BBA7C395E90D7CA13B441 /* Pods-SingaporeEyes.release.xcconfig */ = {isa = PBXFileReference; includeInIndex = 1; lastKnownFileType = text.xcconfig; name = "Pods-SingaporeEyes.release.xcconfig"; path = "Target Support Files/Pods-SingaporeEyes/Pods-SingaporeEyes.release.xcconfig"; sourceTree = "<group>"; };
		476B76BB239BDFCC00887FB9 /* URLExtensionsTests.swift */ = {isa = PBXFileReference; fileEncoding = 4; lastKnownFileType = sourcecode.swift; path = URLExtensionsTests.swift; sourceTree = "<group>"; };
		476B76C0239BE07100887FB9 /* TrafficCameraServiceTests.swift */ = {isa = PBXFileReference; lastKnownFileType = sourcecode.swift; path = TrafficCameraServiceTests.swift; sourceTree = "<group>"; };
		476B76C2239BE26C00887FB9 /* PreviewInteractorTests.swift */ = {isa = PBXFileReference; lastKnownFileType = sourcecode.swift; path = PreviewInteractorTests.swift; sourceTree = "<group>"; };
		476B76C4239BE37E00887FB9 /* PreviewPresenterTests.swift */ = {isa = PBXFileReference; lastKnownFileType = sourcecode.swift; path = PreviewPresenterTests.swift; sourceTree = "<group>"; };
		476B76C8239BE48400887FB9 /* TrafficCamerasInteractorTests.swift */ = {isa = PBXFileReference; fileEncoding = 4; lastKnownFileType = sourcecode.swift; path = TrafficCamerasInteractorTests.swift; sourceTree = "<group>"; };
		476B76C9239BE48400887FB9 /* TrafficCamerasPresenterTests.swift */ = {isa = PBXFileReference; fileEncoding = 4; lastKnownFileType = sourcecode.swift; path = TrafficCamerasPresenterTests.swift; sourceTree = "<group>"; };
		476B76CC239BE8B400887FB9 /* TrafficCamerasWorkerTests.swift */ = {isa = PBXFileReference; lastKnownFileType = sourcecode.swift; path = TrafficCamerasWorkerTests.swift; sourceTree = "<group>"; };
		476B76CF239BEBEB00887FB9 /* Sample.json */ = {isa = PBXFileReference; lastKnownFileType = text.json; path = Sample.json; sourceTree = "<group>"; };
		476B76D1239BECC300887FB9 /* CameraTests.swift */ = {isa = PBXFileReference; lastKnownFileType = sourcecode.swift; path = CameraTests.swift; sourceTree = "<group>"; };
		476B76D4239C031800887FB9 /* loader.gif */ = {isa = PBXFileReference; lastKnownFileType = image.gif; path = loader.gif; sourceTree = "<group>"; };
		47852EB1239B4C270036178A /* SingaporeEyes.app */ = {isa = PBXFileReference; explicitFileType = wrapper.application; includeInIndex = 0; path = SingaporeEyes.app; sourceTree = BUILT_PRODUCTS_DIR; };
		47852EB4239B4C270036178A /* AppDelegate.swift */ = {isa = PBXFileReference; lastKnownFileType = sourcecode.swift; path = AppDelegate.swift; sourceTree = "<group>"; };
		47852EB9239B4C270036178A /* Base */ = {isa = PBXFileReference; lastKnownFileType = file.storyboard; name = Base; path = Base.lproj/Main.storyboard; sourceTree = "<group>"; };
		47852EBB239B4C280036178A /* Assets.xcassets */ = {isa = PBXFileReference; lastKnownFileType = folder.assetcatalog; path = Assets.xcassets; sourceTree = "<group>"; };
		47852EBE239B4C280036178A /* Base */ = {isa = PBXFileReference; lastKnownFileType = file.storyboard; name = Base; path = Base.lproj/LaunchScreen.storyboard; sourceTree = "<group>"; };
		47852EC0239B4C280036178A /* Info.plist */ = {isa = PBXFileReference; lastKnownFileType = text.plist.xml; path = Info.plist; sourceTree = "<group>"; };
		47852EC5239B4C290036178A /* SingaporeEyesTests.xctest */ = {isa = PBXFileReference; explicitFileType = wrapper.cfbundle; includeInIndex = 0; path = SingaporeEyesTests.xctest; sourceTree = BUILT_PRODUCTS_DIR; };
		47852ECB239B4C290036178A /* Info.plist */ = {isa = PBXFileReference; lastKnownFileType = text.plist.xml; path = Info.plist; sourceTree = "<group>"; };
		47852ED0239B4C290036178A /* SingaporeEyesUITests.xctest */ = {isa = PBXFileReference; explicitFileType = wrapper.cfbundle; includeInIndex = 0; path = SingaporeEyesUITests.xctest; sourceTree = BUILT_PRODUCTS_DIR; };
		47852ED4239B4C290036178A /* SingaporeEyesUITests.swift */ = {isa = PBXFileReference; lastKnownFileType = sourcecode.swift; path = SingaporeEyesUITests.swift; sourceTree = "<group>"; };
		47852ED6239B4C290036178A /* Info.plist */ = {isa = PBXFileReference; lastKnownFileType = text.plist.xml; path = Info.plist; sourceTree = "<group>"; };
		47852EE5239B52330036178A /* TrafficCamerasInterfaces.swift */ = {isa = PBXFileReference; lastKnownFileType = sourcecode.swift; path = TrafficCamerasInterfaces.swift; sourceTree = "<group>"; };
		47852EE6239B52330036178A /* TrafficCamerasPresenter.swift */ = {isa = PBXFileReference; lastKnownFileType = sourcecode.swift; path = TrafficCamerasPresenter.swift; sourceTree = "<group>"; };
		47852EE7239B52330036178A /* TrafficCamerasWorker.swift */ = {isa = PBXFileReference; lastKnownFileType = sourcecode.swift; path = TrafficCamerasWorker.swift; sourceTree = "<group>"; };
		47852EE8239B52330036178A /* TrafficCamerasRouter.swift */ = {isa = PBXFileReference; lastKnownFileType = sourcecode.swift; path = TrafficCamerasRouter.swift; sourceTree = "<group>"; };
		47852EE9239B52330036178A /* TrafficCamerasModels.swift */ = {isa = PBXFileReference; lastKnownFileType = sourcecode.swift; path = TrafficCamerasModels.swift; sourceTree = "<group>"; };
		47852EEA239B52330036178A /* TrafficCamerasViewController.swift */ = {isa = PBXFileReference; lastKnownFileType = sourcecode.swift; path = TrafficCamerasViewController.swift; sourceTree = "<group>"; };
		47852EEB239B52330036178A /* TrafficCamerasInteractor.swift */ = {isa = PBXFileReference; lastKnownFileType = sourcecode.swift; path = TrafficCamerasInteractor.swift; sourceTree = "<group>"; };
		47852EF4239B526D0036178A /* WebServiceProtocol.swift */ = {isa = PBXFileReference; lastKnownFileType = sourcecode.swift; path = WebServiceProtocol.swift; sourceTree = "<group>"; };
		47852EF7239B53710036178A /* Camera.swift */ = {isa = PBXFileReference; lastKnownFileType = sourcecode.swift; path = Camera.swift; sourceTree = "<group>"; };
		47852EFE239B61650036178A /* Result.swift */ = {isa = PBXFileReference; lastKnownFileType = sourcecode.swift; path = Result.swift; sourceTree = "<group>"; };
		47852F00239B61880036178A /* ErrorResult.swift */ = {isa = PBXFileReference; lastKnownFileType = sourcecode.swift; path = ErrorResult.swift; sourceTree = "<group>"; };
		47852F02239B62A00036178A /* TrafficCameraService.swift */ = {isa = PBXFileReference; lastKnownFileType = sourcecode.swift; path = TrafficCameraService.swift; sourceTree = "<group>"; };
		47852F05239B69EB0036178A /* FileManagerExtensions.swift */ = {isa = PBXFileReference; fileEncoding = 4; lastKnownFileType = sourcecode.swift; path = FileManagerExtensions.swift; sourceTree = "<group>"; };
		47852F06239B69EB0036178A /* URLExtensions.swift */ = {isa = PBXFileReference; fileEncoding = 4; lastKnownFileType = sourcecode.swift; path = URLExtensions.swift; sourceTree = "<group>"; };
		47852F07239B69EB0036178A /* UIViewExtensions.swift */ = {isa = PBXFileReference; fileEncoding = 4; lastKnownFileType = sourcecode.swift; path = UIViewExtensions.swift; sourceTree = "<group>"; };
		47852F08239B69EB0036178A /* MKMapViewExtensions.swift */ = {isa = PBXFileReference; fileEncoding = 4; lastKnownFileType = sourcecode.swift; path = MKMapViewExtensions.swift; sourceTree = "<group>"; };
		47852F0D239B72140036178A /* DataParser.swift */ = {isa = PBXFileReference; fileEncoding = 4; lastKnownFileType = sourcecode.swift; path = DataParser.swift; sourceTree = "<group>"; };
		47852F0F239B74450036178A /* TrafficCameraViewDataSource.swift */ = {isa = PBXFileReference; lastKnownFileType = sourcecode.swift; path = TrafficCameraViewDataSource.swift; sourceTree = "<group>"; };
		47852F11239B751B0036178A /* GenericDataSource.swift */ = {isa = PBXFileReference; lastKnownFileType = sourcecode.swift; path = GenericDataSource.swift; sourceTree = "<group>"; };
		47852F15239B76A40036178A /* MapView.swift */ = {isa = PBXFileReference; fileEncoding = 4; lastKnownFileType = sourcecode.swift; path = MapView.swift; sourceTree = "<group>"; };
		47852F17239B76A40036178A /* MapViewDataSource.swift */ = {isa = PBXFileReference; fileEncoding = 4; lastKnownFileType = sourcecode.swift; path = MapViewDataSource.swift; sourceTree = "<group>"; };
		47852F18239B76A40036178A /* MapView.xib */ = {isa = PBXFileReference; fileEncoding = 4; lastKnownFileType = file.xib; path = MapView.xib; sourceTree = "<group>"; };
		47852F19239B76A40036178A /* CameraMapViewDelegate.swift */ = {isa = PBXFileReference; fileEncoding = 4; lastKnownFileType = sourcecode.swift; path = CameraMapViewDelegate.swift; sourceTree = "<group>"; };
		47852F1A239B76A40036178A /* CameraPointAnnotation.swift */ = {isa = PBXFileReference; fileEncoding = 4; lastKnownFileType = sourcecode.swift; path = CameraPointAnnotation.swift; sourceTree = "<group>"; };
		47852F21239B91E40036178A /* AppDisplayable.swift */ = {isa = PBXFileReference; fileEncoding = 4; lastKnownFileType = sourcecode.swift; path = AppDisplayable.swift; sourceTree = "<group>"; };
		47852F2C239BA9E80036178A /* PreviewInterfaces.swift */ = {isa = PBXFileReference; lastKnownFileType = sourcecode.swift; path = PreviewInterfaces.swift; sourceTree = "<group>"; };
		47852F2D239BA9E80036178A /* PreviewPresenter.swift */ = {isa = PBXFileReference; lastKnownFileType = sourcecode.swift; path = PreviewPresenter.swift; sourceTree = "<group>"; };
		47852F31239BA9E80036178A /* PreviewViewController.swift */ = {isa = PBXFileReference; lastKnownFileType = sourcecode.swift; path = PreviewViewController.swift; sourceTree = "<group>"; };
		47852F32239BA9E80036178A /* PreviewInteractor.swift */ = {isa = PBXFileReference; lastKnownFileType = sourcecode.swift; path = PreviewInteractor.swift; sourceTree = "<group>"; };
		47852F3A239BAEF90036178A /* PreviewModels.swift */ = {isa = PBXFileReference; fileEncoding = 4; lastKnownFileType = sourcecode.swift; path = PreviewModels.swift; sourceTree = "<group>"; };
		5B6D12D8E4074458A461E378 /* Pods-SingaporeEyes.debug.xcconfig */ = {isa = PBXFileReference; includeInIndex = 1; lastKnownFileType = text.xcconfig; name = "Pods-SingaporeEyes.debug.xcconfig"; path = "Target Support Files/Pods-SingaporeEyes/Pods-SingaporeEyes.debug.xcconfig"; sourceTree = "<group>"; };
		750FF7C9B5ADF64B2BD207E6 /* Pods-SingaporeEyes-SingaporeEyesUITests.release.xcconfig */ = {isa = PBXFileReference; includeInIndex = 1; lastKnownFileType = text.xcconfig; name = "Pods-SingaporeEyes-SingaporeEyesUITests.release.xcconfig"; path = "Target Support Files/Pods-SingaporeEyes-SingaporeEyesUITests/Pods-SingaporeEyes-SingaporeEyesUITests.release.xcconfig"; sourceTree = "<group>"; };
		C1AD3A485B5316C01B22FE3A /* Pods_SingaporeEyes.framework */ = {isa = PBXFileReference; explicitFileType = wrapper.framework; includeInIndex = 0; path = Pods_SingaporeEyes.framework; sourceTree = BUILT_PRODUCTS_DIR; };
		E2F73888DCE6DF010E5F9996 /* Pods_SingaporeEyes_SingaporeEyesUITests.framework */ = {isa = PBXFileReference; explicitFileType = wrapper.framework; includeInIndex = 0; path = Pods_SingaporeEyes_SingaporeEyesUITests.framework; sourceTree = BUILT_PRODUCTS_DIR; };
		EBF6A4C548472E23618723BE /* Pods-SingaporeEyes-SingaporeEyesUITests.debug.xcconfig */ = {isa = PBXFileReference; includeInIndex = 1; lastKnownFileType = text.xcconfig; name = "Pods-SingaporeEyes-SingaporeEyesUITests.debug.xcconfig"; path = "Target Support Files/Pods-SingaporeEyes-SingaporeEyesUITests/Pods-SingaporeEyes-SingaporeEyesUITests.debug.xcconfig"; sourceTree = "<group>"; };
		ED26611806A30FC8CE1C9388 /* Pods_SingaporeEyesTests.framework */ = {isa = PBXFileReference; explicitFileType = wrapper.framework; includeInIndex = 0; path = Pods_SingaporeEyesTests.framework; sourceTree = BUILT_PRODUCTS_DIR; };
		EF500717DD4F526B1E3981EA /* Pods-SingaporeEyesTests.debug.xcconfig */ = {isa = PBXFileReference; includeInIndex = 1; lastKnownFileType = text.xcconfig; name = "Pods-SingaporeEyesTests.debug.xcconfig"; path = "Target Support Files/Pods-SingaporeEyesTests/Pods-SingaporeEyesTests.debug.xcconfig"; sourceTree = "<group>"; };
		F2F86B5C7B62D48DDC95A4F4 /* Pods-SingaporeEyesTests.release.xcconfig */ = {isa = PBXFileReference; includeInIndex = 1; lastKnownFileType = text.xcconfig; name = "Pods-SingaporeEyesTests.release.xcconfig"; path = "Target Support Files/Pods-SingaporeEyesTests/Pods-SingaporeEyesTests.release.xcconfig"; sourceTree = "<group>"; };
/* End PBXFileReference section */

/* Begin PBXFrameworksBuildPhase section */
		47852EAE239B4C270036178A /* Frameworks */ = {
			isa = PBXFrameworksBuildPhase;
			buildActionMask = 2147483647;
			files = (
				D0F371DEF74D0DDCF367C637 /* Pods_SingaporeEyes.framework in Frameworks */,
			);
			runOnlyForDeploymentPostprocessing = 0;
		};
		47852EC2239B4C290036178A /* Frameworks */ = {
			isa = PBXFrameworksBuildPhase;
			buildActionMask = 2147483647;
			files = (
				B13863F2F62944352365E992 /* Pods_SingaporeEyesTests.framework in Frameworks */,
			);
			runOnlyForDeploymentPostprocessing = 0;
		};
		47852ECD239B4C290036178A /* Frameworks */ = {
			isa = PBXFrameworksBuildPhase;
			buildActionMask = 2147483647;
			files = (
				7D1370CE5189CE5A8ADAE72D /* Pods_SingaporeEyes_SingaporeEyesUITests.framework in Frameworks */,
			);
			runOnlyForDeploymentPostprocessing = 0;
		};
/* End PBXFrameworksBuildPhase section */

/* Begin PBXGroup section */
		476B76BA239BDFCC00887FB9 /* Extensions */ = {
			isa = PBXGroup;
			children = (
				476B76BB239BDFCC00887FB9 /* URLExtensionsTests.swift */,
			);
			path = Extensions;
			sourceTree = "<group>";
		};
		476B76BD239BE01400887FB9 /* Models */ = {
			isa = PBXGroup;
			children = (
				476B76D1239BECC300887FB9 /* CameraTests.swift */,
			);
			path = Models;
			sourceTree = "<group>";
		};
		476B76BE239BE01A00887FB9 /* Scenes */ = {
			isa = PBXGroup;
			children = (
				476B76C7239BE45200887FB9 /* TrafficCameras */,
				476B76C6239BE44800887FB9 /* Preview */,
			);
			path = Scenes;
			sourceTree = "<group>";
		};
		476B76BF239BE02000887FB9 /* Services */ = {
			isa = PBXGroup;
			children = (
				476B76C0239BE07100887FB9 /* TrafficCameraServiceTests.swift */,
				476B76CF239BEBEB00887FB9 /* Sample.json */,
			);
			path = Services;
			sourceTree = "<group>";
		};
		476B76C6239BE44800887FB9 /* Preview */ = {
			isa = PBXGroup;
			children = (
				476B76C2239BE26C00887FB9 /* PreviewInteractorTests.swift */,
				476B76C4239BE37E00887FB9 /* PreviewPresenterTests.swift */,
			);
			path = Preview;
			sourceTree = "<group>";
		};
		476B76C7239BE45200887FB9 /* TrafficCameras */ = {
			isa = PBXGroup;
			children = (
				476B76C8239BE48400887FB9 /* TrafficCamerasInteractorTests.swift */,
				476B76C9239BE48400887FB9 /* TrafficCamerasPresenterTests.swift */,
				476B76CC239BE8B400887FB9 /* TrafficCamerasWorkerTests.swift */,
			);
			path = TrafficCameras;
			sourceTree = "<group>";
		};
		476B76CE239BEBC100887FB9 /* MockData */ = {
			isa = PBXGroup;
			children = (
			);
			path = MockData;
			sourceTree = "<group>";
		};
		476B76D3239C031800887FB9 /* Resources */ = {
			isa = PBXGroup;
			children = (
				476B76D4239C031800887FB9 /* loader.gif */,
			);
			path = Resources;
			sourceTree = "<group>";
		};
		47852EA8239B4C270036178A = {
			isa = PBXGroup;
			children = (
				47852EB3239B4C270036178A /* SingaporeEyes */,
				47852EC8239B4C290036178A /* SingaporeEyesTests */,
				47852ED3239B4C290036178A /* SingaporeEyesUITests */,
				47852EB2239B4C270036178A /* Products */,
				D2EBAE91B30C32B20DC994B7 /* Pods */,
				6BD72BC92CE24BDA2D890B2F /* Frameworks */,
			);
			sourceTree = "<group>";
		};
		47852EB2239B4C270036178A /* Products */ = {
			isa = PBXGroup;
			children = (
				47852EB1239B4C270036178A /* SingaporeEyes.app */,
				47852EC5239B4C290036178A /* SingaporeEyesTests.xctest */,
				47852ED0239B4C290036178A /* SingaporeEyesUITests.xctest */,
			);
			name = Products;
			sourceTree = "<group>";
		};
		47852EB3239B4C270036178A /* SingaporeEyes */ = {
			isa = PBXGroup;
			children = (
				47852EB4239B4C270036178A /* AppDelegate.swift */,
				47852EF6239B53510036178A /* Models */,
				47852EE3239B511D0036178A /* Scenes */,
				47852EF3239B52610036178A /* Services */,
				47852F04239B69EB0036178A /* Extensions */,
				47852EE2239B50F60036178A /* Storyboard */,
				47852F13239B76900036178A /* CustomViews */,
				476B76D3239C031800887FB9 /* Resources */,
				47852EBB239B4C280036178A /* Assets.xcassets */,
				47852EC0239B4C280036178A /* Info.plist */,
			);
			path = SingaporeEyes;
			sourceTree = "<group>";
		};
		47852EC8239B4C290036178A /* SingaporeEyesTests */ = {
			isa = PBXGroup;
			children = (
				47852ECB239B4C290036178A /* Info.plist */,
				476B76CE239BEBC100887FB9 /* MockData */,
				476B76BF239BE02000887FB9 /* Services */,
				476B76BE239BE01A00887FB9 /* Scenes */,
				476B76BD239BE01400887FB9 /* Models */,
				476B76BA239BDFCC00887FB9 /* Extensions */,
			);
			path = SingaporeEyesTests;
			sourceTree = "<group>";
		};
		47852ED3239B4C290036178A /* SingaporeEyesUITests */ = {
			isa = PBXGroup;
			children = (
				47852ED4239B4C290036178A /* SingaporeEyesUITests.swift */,
				47852ED6239B4C290036178A /* Info.plist */,
			);
			path = SingaporeEyesUITests;
			sourceTree = "<group>";
		};
		47852EE2239B50F60036178A /* Storyboard */ = {
			isa = PBXGroup;
			children = (
				47852EBD239B4C280036178A /* LaunchScreen.storyboard */,
				47852EB8239B4C270036178A /* Main.storyboard */,
			);
			path = Storyboard;
			sourceTree = "<group>";
		};
		47852EE3239B511D0036178A /* Scenes */ = {
			isa = PBXGroup;
			children = (
				47852F2B239BA9940036178A /* Preview */,
				47852EE4239B51F80036178A /* TrafficCameras */,
			);
			path = Scenes;
			sourceTree = "<group>";
		};
		47852EE4239B51F80036178A /* TrafficCameras */ = {
			isa = PBXGroup;
			children = (
				47852EE5239B52330036178A /* TrafficCamerasInterfaces.swift */,
				47852EE6239B52330036178A /* TrafficCamerasPresenter.swift */,
				47852EE7239B52330036178A /* TrafficCamerasWorker.swift */,
				47852EE8239B52330036178A /* TrafficCamerasRouter.swift */,
				47852EE9239B52330036178A /* TrafficCamerasModels.swift */,
				47852EEA239B52330036178A /* TrafficCamerasViewController.swift */,
				47852EEB239B52330036178A /* TrafficCamerasInteractor.swift */,
				47852F0F239B74450036178A /* TrafficCameraViewDataSource.swift */,
				47852F19239B76A40036178A /* CameraMapViewDelegate.swift */,
				47852F1A239B76A40036178A /* CameraPointAnnotation.swift */,
			);
			path = TrafficCameras;
			sourceTree = "<group>";
		};
		47852EF3239B52610036178A /* Services */ = {
			isa = PBXGroup;
			children = (
				47852EFD239B612B0036178A /* Result */,
				47852EF4239B526D0036178A /* WebServiceProtocol.swift */,
				47852F02239B62A00036178A /* TrafficCameraService.swift */,
				47852F0D239B72140036178A /* DataParser.swift */,
			);
			path = Services;
			sourceTree = "<group>";
		};
		47852EF6239B53510036178A /* Models */ = {
			isa = PBXGroup;
			children = (
				47852EF7239B53710036178A /* Camera.swift */,
				47852F11239B751B0036178A /* GenericDataSource.swift */,
			);
			path = Models;
			sourceTree = "<group>";
		};
		47852EFD239B612B0036178A /* Result */ = {
			isa = PBXGroup;
			children = (
				47852EFE239B61650036178A /* Result.swift */,
				47852F00239B61880036178A /* ErrorResult.swift */,
			);
			path = Result;
			sourceTree = "<group>";
		};
		47852F04239B69EB0036178A /* Extensions */ = {
			isa = PBXGroup;
			children = (
				47852F05239B69EB0036178A /* FileManagerExtensions.swift */,
				47852F06239B69EB0036178A /* URLExtensions.swift */,
				47852F07239B69EB0036178A /* UIViewExtensions.swift */,
				47852F08239B69EB0036178A /* MKMapViewExtensions.swift */,
				47852F21239B91E40036178A /* AppDisplayable.swift */,
			);
			name = Extensions;
			path = SingaporeEyes/Extensions;
			sourceTree = SOURCE_ROOT;
		};
		47852F13239B76900036178A /* CustomViews */ = {
			isa = PBXGroup;
			children = (
				47852F14239B76A40036178A /* MapView */,
			);
			path = CustomViews;
			sourceTree = "<group>";
		};
		47852F14239B76A40036178A /* MapView */ = {
			isa = PBXGroup;
			children = (
				47852F18239B76A40036178A /* MapView.xib */,
				47852F15239B76A40036178A /* MapView.swift */,
				47852F17239B76A40036178A /* MapViewDataSource.swift */,
			);
			path = MapView;
			sourceTree = "<group>";
		};
		47852F2B239BA9940036178A /* Preview */ = {
			isa = PBXGroup;
			children = (
				47852F2C239BA9E80036178A /* PreviewInterfaces.swift */,
				47852F2D239BA9E80036178A /* PreviewPresenter.swift */,
				47852F31239BA9E80036178A /* PreviewViewController.swift */,
				47852F32239BA9E80036178A /* PreviewInteractor.swift */,
				47852F3A239BAEF90036178A /* PreviewModels.swift */,
			);
			path = Preview;
			sourceTree = "<group>";
		};
		6BD72BC92CE24BDA2D890B2F /* Frameworks */ = {
			isa = PBXGroup;
			children = (
				C1AD3A485B5316C01B22FE3A /* Pods_SingaporeEyes.framework */,
				E2F73888DCE6DF010E5F9996 /* Pods_SingaporeEyes_SingaporeEyesUITests.framework */,
				ED26611806A30FC8CE1C9388 /* Pods_SingaporeEyesTests.framework */,
			);
			name = Frameworks;
			sourceTree = "<group>";
		};
		D2EBAE91B30C32B20DC994B7 /* Pods */ = {
			isa = PBXGroup;
			children = (
				5B6D12D8E4074458A461E378 /* Pods-SingaporeEyes.debug.xcconfig */,
				234BBA7C395E90D7CA13B441 /* Pods-SingaporeEyes.release.xcconfig */,
				EBF6A4C548472E23618723BE /* Pods-SingaporeEyes-SingaporeEyesUITests.debug.xcconfig */,
				750FF7C9B5ADF64B2BD207E6 /* Pods-SingaporeEyes-SingaporeEyesUITests.release.xcconfig */,
				EF500717DD4F526B1E3981EA /* Pods-SingaporeEyesTests.debug.xcconfig */,
				F2F86B5C7B62D48DDC95A4F4 /* Pods-SingaporeEyesTests.release.xcconfig */,
			);
			path = Pods;
			sourceTree = "<group>";
		};
/* End PBXGroup section */

/* Begin PBXNativeTarget section */
		47852EB0239B4C270036178A /* SingaporeEyes */ = {
			isa = PBXNativeTarget;
			buildConfigurationList = 47852ED9239B4C290036178A /* Build configuration list for PBXNativeTarget "SingaporeEyes" */;
			buildPhases = (
				969147A441E13002EA3CBBEB /* [CP] Check Pods Manifest.lock */,
				47852EAD239B4C270036178A /* Sources */,
				47852EAE239B4C270036178A /* Frameworks */,
				47852EAF239B4C270036178A /* Resources */,
				1FEF319932D841E3C3F076BE /* [CP] Embed Pods Frameworks */,
				47852EF9239B53F40036178A /* ShellScript */,
			);
			buildRules = (
			);
			dependencies = (
			);
			name = SingaporeEyes;
			productName = SingaporeEyes;
			productReference = 47852EB1239B4C270036178A /* SingaporeEyes.app */;
			productType = "com.apple.product-type.application";
		};
		47852EC4239B4C290036178A /* SingaporeEyesTests */ = {
			isa = PBXNativeTarget;
			buildConfigurationList = 47852EDC239B4C290036178A /* Build configuration list for PBXNativeTarget "SingaporeEyesTests" */;
			buildPhases = (
				8D2C118A82CCA3D751EB3511 /* [CP] Check Pods Manifest.lock */,
				47852EC1239B4C290036178A /* Sources */,
				47852EC2239B4C290036178A /* Frameworks */,
				47852EC3239B4C290036178A /* Resources */,
				C384085BDD17840635243A60 /* [CP] Embed Pods Frameworks */,
			);
			buildRules = (
			);
			dependencies = (
				47852EC7239B4C290036178A /* PBXTargetDependency */,
			);
			name = SingaporeEyesTests;
			productName = SingaporeEyesTests;
			productReference = 47852EC5239B4C290036178A /* SingaporeEyesTests.xctest */;
			productType = "com.apple.product-type.bundle.unit-test";
		};
		47852ECF239B4C290036178A /* SingaporeEyesUITests */ = {
			isa = PBXNativeTarget;
			buildConfigurationList = 47852EDF239B4C290036178A /* Build configuration list for PBXNativeTarget "SingaporeEyesUITests" */;
			buildPhases = (
				DE37629F857FFBE5F50AFD14 /* [CP] Check Pods Manifest.lock */,
				47852ECC239B4C290036178A /* Sources */,
				47852ECD239B4C290036178A /* Frameworks */,
				47852ECE239B4C290036178A /* Resources */,
				46B8227D6854CDCF41254029 /* [CP] Embed Pods Frameworks */,
			);
			buildRules = (
			);
			dependencies = (
				47852ED2239B4C290036178A /* PBXTargetDependency */,
			);
			name = SingaporeEyesUITests;
			productName = SingaporeEyesUITests;
			productReference = 47852ED0239B4C290036178A /* SingaporeEyesUITests.xctest */;
			productType = "com.apple.product-type.bundle.ui-testing";
		};
/* End PBXNativeTarget section */

/* Begin PBXProject section */
		47852EA9239B4C270036178A /* Project object */ = {
			isa = PBXProject;
			attributes = {
				LastSwiftUpdateCheck = 1010;
				LastUpgradeCheck = 1010;
				ORGANIZATIONNAME = Myorganization;
				TargetAttributes = {
					47852EB0239B4C270036178A = {
						CreatedOnToolsVersion = 10.1;
					};
					47852EC4239B4C290036178A = {
						CreatedOnToolsVersion = 10.1;
						TestTargetID = 47852EB0239B4C270036178A;
					};
					47852ECF239B4C290036178A = {
						CreatedOnToolsVersion = 10.1;
						TestTargetID = 47852EB0239B4C270036178A;
					};
				};
			};
			buildConfigurationList = 47852EAC239B4C270036178A /* Build configuration list for PBXProject "SingaporeEyes" */;
			compatibilityVersion = "Xcode 9.3";
			developmentRegion = en;
			hasScannedForEncodings = 0;
			knownRegions = (
				en,
				Base,
			);
			mainGroup = 47852EA8239B4C270036178A;
			productRefGroup = 47852EB2239B4C270036178A /* Products */;
			projectDirPath = "";
			projectRoot = "";
			targets = (
				47852EB0239B4C270036178A /* SingaporeEyes */,
				47852EC4239B4C290036178A /* SingaporeEyesTests */,
				47852ECF239B4C290036178A /* SingaporeEyesUITests */,
			);
		};
/* End PBXProject section */

/* Begin PBXResourcesBuildPhase section */
		47852EAF239B4C270036178A /* Resources */ = {
			isa = PBXResourcesBuildPhase;
			buildActionMask = 2147483647;
			files = (
				47852EBF239B4C280036178A /* LaunchScreen.storyboard in Resources */,
				47852F1E239B76A40036178A /* MapView.xib in Resources */,
				47852EBC239B4C280036178A /* Assets.xcassets in Resources */,
				476B76D5239C031800887FB9 /* loader.gif in Resources */,
				47852EBA239B4C270036178A /* Main.storyboard in Resources */,
			);
			runOnlyForDeploymentPostprocessing = 0;
		};
		47852EC3239B4C290036178A /* Resources */ = {
			isa = PBXResourcesBuildPhase;
			buildActionMask = 2147483647;
			files = (
				476B76D0239BEBEB00887FB9 /* Sample.json in Resources */,
			);
			runOnlyForDeploymentPostprocessing = 0;
		};
		47852ECE239B4C290036178A /* Resources */ = {
			isa = PBXResourcesBuildPhase;
			buildActionMask = 2147483647;
			files = (
			);
			runOnlyForDeploymentPostprocessing = 0;
		};
/* End PBXResourcesBuildPhase section */

/* Begin PBXShellScriptBuildPhase section */
		1FEF319932D841E3C3F076BE /* [CP] Embed Pods Frameworks */ = {
			isa = PBXShellScriptBuildPhase;
			buildActionMask = 2147483647;
			files = (
			);
			inputFileListPaths = (
				"${PODS_ROOT}/Target Support Files/Pods-SingaporeEyes/Pods-SingaporeEyes-frameworks-${CONFIGURATION}-input-files.xcfilelist",
			);
			name = "[CP] Embed Pods Frameworks";
			outputFileListPaths = (
				"${PODS_ROOT}/Target Support Files/Pods-SingaporeEyes/Pods-SingaporeEyes-frameworks-${CONFIGURATION}-output-files.xcfilelist",
			);
			runOnlyForDeploymentPostprocessing = 0;
			shellPath = /bin/sh;
			shellScript = "\"${PODS_ROOT}/Target Support Files/Pods-SingaporeEyes/Pods-SingaporeEyes-frameworks.sh\"\n";
			showEnvVarsInLog = 0;
		};
		46B8227D6854CDCF41254029 /* [CP] Embed Pods Frameworks */ = {
			isa = PBXShellScriptBuildPhase;
			buildActionMask = 2147483647;
			files = (
			);
			inputFileListPaths = (
				"${PODS_ROOT}/Target Support Files/Pods-SingaporeEyes-SingaporeEyesUITests/Pods-SingaporeEyes-SingaporeEyesUITests-frameworks-${CONFIGURATION}-input-files.xcfilelist",
			);
			name = "[CP] Embed Pods Frameworks";
			outputFileListPaths = (
				"${PODS_ROOT}/Target Support Files/Pods-SingaporeEyes-SingaporeEyesUITests/Pods-SingaporeEyes-SingaporeEyesUITests-frameworks-${CONFIGURATION}-output-files.xcfilelist",
			);
			runOnlyForDeploymentPostprocessing = 0;
			shellPath = /bin/sh;
			shellScript = "\"${PODS_ROOT}/Target Support Files/Pods-SingaporeEyes-SingaporeEyesUITests/Pods-SingaporeEyes-SingaporeEyesUITests-frameworks.sh\"\n";
			showEnvVarsInLog = 0;
		};
		47852EF9239B53F40036178A /* ShellScript */ = {
			isa = PBXShellScriptBuildPhase;
			buildActionMask = 2147483647;
			files = (
			);
			inputFileListPaths = (
			);
			inputPaths = (
			);
			outputFileListPaths = (
			);
			outputPaths = (
			);
			runOnlyForDeploymentPostprocessing = 0;
			shellPath = /bin/sh;
			shellScript = "if which swiftlint >/dev/null; then\nswiftlint\nelse\necho \"warning: SwiftLint not installed, download from https://github.com/realm/SwiftLint\"\nfi\n";
		};
		8D2C118A82CCA3D751EB3511 /* [CP] Check Pods Manifest.lock */ = {
			isa = PBXShellScriptBuildPhase;
			buildActionMask = 2147483647;
			files = (
			);
			inputFileListPaths = (
			);
			inputPaths = (
				"${PODS_PODFILE_DIR_PATH}/Podfile.lock",
				"${PODS_ROOT}/Manifest.lock",
			);
			name = "[CP] Check Pods Manifest.lock";
			outputFileListPaths = (
			);
			outputPaths = (
				"$(DERIVED_FILE_DIR)/Pods-SingaporeEyesTests-checkManifestLockResult.txt",
			);
			runOnlyForDeploymentPostprocessing = 0;
			shellPath = /bin/sh;
			shellScript = "diff \"${PODS_PODFILE_DIR_PATH}/Podfile.lock\" \"${PODS_ROOT}/Manifest.lock\" > /dev/null\nif [ $? != 0 ] ; then\n    # print error to STDERR\n    echo \"error: The sandbox is not in sync with the Podfile.lock. Run 'pod install' or update your CocoaPods installation.\" >&2\n    exit 1\nfi\n# This output is used by Xcode 'outputs' to avoid re-running this script phase.\necho \"SUCCESS\" > \"${SCRIPT_OUTPUT_FILE_0}\"\n";
			showEnvVarsInLog = 0;
		};
		969147A441E13002EA3CBBEB /* [CP] Check Pods Manifest.lock */ = {
			isa = PBXShellScriptBuildPhase;
			buildActionMask = 2147483647;
			files = (
			);
			inputFileListPaths = (
			);
			inputPaths = (
				"${PODS_PODFILE_DIR_PATH}/Podfile.lock",
				"${PODS_ROOT}/Manifest.lock",
			);
			name = "[CP] Check Pods Manifest.lock";
			outputFileListPaths = (
			);
			outputPaths = (
				"$(DERIVED_FILE_DIR)/Pods-SingaporeEyes-checkManifestLockResult.txt",
			);
			runOnlyForDeploymentPostprocessing = 0;
			shellPath = /bin/sh;
			shellScript = "diff \"${PODS_PODFILE_DIR_PATH}/Podfile.lock\" \"${PODS_ROOT}/Manifest.lock\" > /dev/null\nif [ $? != 0 ] ; then\n    # print error to STDERR\n    echo \"error: The sandbox is not in sync with the Podfile.lock. Run 'pod install' or update your CocoaPods installation.\" >&2\n    exit 1\nfi\n# This output is used by Xcode 'outputs' to avoid re-running this script phase.\necho \"SUCCESS\" > \"${SCRIPT_OUTPUT_FILE_0}\"\n";
			showEnvVarsInLog = 0;
		};
		C384085BDD17840635243A60 /* [CP] Embed Pods Frameworks */ = {
			isa = PBXShellScriptBuildPhase;
			buildActionMask = 2147483647;
			files = (
			);
			inputFileListPaths = (
				"${PODS_ROOT}/Target Support Files/Pods-SingaporeEyesTests/Pods-SingaporeEyesTests-frameworks-${CONFIGURATION}-input-files.xcfilelist",
			);
			name = "[CP] Embed Pods Frameworks";
			outputFileListPaths = (
				"${PODS_ROOT}/Target Support Files/Pods-SingaporeEyesTests/Pods-SingaporeEyesTests-frameworks-${CONFIGURATION}-output-files.xcfilelist",
			);
			runOnlyForDeploymentPostprocessing = 0;
			shellPath = /bin/sh;
			shellScript = "\"${PODS_ROOT}/Target Support Files/Pods-SingaporeEyesTests/Pods-SingaporeEyesTests-frameworks.sh\"\n";
			showEnvVarsInLog = 0;
		};
		DE37629F857FFBE5F50AFD14 /* [CP] Check Pods Manifest.lock */ = {
			isa = PBXShellScriptBuildPhase;
			buildActionMask = 2147483647;
			files = (
			);
			inputFileListPaths = (
			);
			inputPaths = (
				"${PODS_PODFILE_DIR_PATH}/Podfile.lock",
				"${PODS_ROOT}/Manifest.lock",
			);
			name = "[CP] Check Pods Manifest.lock";
			outputFileListPaths = (
			);
			outputPaths = (
				"$(DERIVED_FILE_DIR)/Pods-SingaporeEyes-SingaporeEyesUITests-checkManifestLockResult.txt",
			);
			runOnlyForDeploymentPostprocessing = 0;
			shellPath = /bin/sh;
			shellScript = "diff \"${PODS_PODFILE_DIR_PATH}/Podfile.lock\" \"${PODS_ROOT}/Manifest.lock\" > /dev/null\nif [ $? != 0 ] ; then\n    # print error to STDERR\n    echo \"error: The sandbox is not in sync with the Podfile.lock. Run 'pod install' or update your CocoaPods installation.\" >&2\n    exit 1\nfi\n# This output is used by Xcode 'outputs' to avoid re-running this script phase.\necho \"SUCCESS\" > \"${SCRIPT_OUTPUT_FILE_0}\"\n";
			showEnvVarsInLog = 0;
		};
/* End PBXShellScriptBuildPhase section */

/* Begin PBXSourcesBuildPhase section */
		47852EAD239B4C270036178A /* Sources */ = {
			isa = PBXSourcesBuildPhase;
			buildActionMask = 2147483647;
			files = (
				47852F1D239B76A40036178A /* MapViewDataSource.swift in Sources */,
				47852F39239BA9E80036178A /* PreviewInteractor.swift in Sources */,
				47852F38239BA9E80036178A /* PreviewViewController.swift in Sources */,
				47852F0C239B69EB0036178A /* MKMapViewExtensions.swift in Sources */,
				47852F34239BA9E80036178A /* PreviewPresenter.swift in Sources */,
				47852F03239B62A00036178A /* TrafficCameraService.swift in Sources */,
				47852F09239B69EB0036178A /* FileManagerExtensions.swift in Sources */,
				47852EEC239B52330036178A /* TrafficCamerasInterfaces.swift in Sources */,
				47852EF1239B52330036178A /* TrafficCamerasViewController.swift in Sources */,
				47852F33239BA9E80036178A /* PreviewInterfaces.swift in Sources */,
				47852EED239B52330036178A /* TrafficCamerasPresenter.swift in Sources */,
				47852EEF239B52330036178A /* TrafficCamerasRouter.swift in Sources */,
				47852F1B239B76A40036178A /* MapView.swift in Sources */,
				47852EEE239B52330036178A /* TrafficCamerasWorker.swift in Sources */,
				47852F0E239B72140036178A /* DataParser.swift in Sources */,
				47852F0A239B69EB0036178A /* URLExtensions.swift in Sources */,
				47852F12239B751B0036178A /* GenericDataSource.swift in Sources */,
				47852F20239B76A40036178A /* CameraPointAnnotation.swift in Sources */,
				47852EF0239B52330036178A /* TrafficCamerasModels.swift in Sources */,
				47852F3B239BAEFA0036178A /* PreviewModels.swift in Sources */,
				47852EF8239B53710036178A /* Camera.swift in Sources */,
				47852F0B239B69EB0036178A /* UIViewExtensions.swift in Sources */,
				47852F22239B91E40036178A /* AppDisplayable.swift in Sources */,
				47852EF5239B526D0036178A /* WebServiceProtocol.swift in Sources */,
				47852F10239B74450036178A /* TrafficCameraViewDataSource.swift in Sources */,
				47852F1F239B76A40036178A /* CameraMapViewDelegate.swift in Sources */,
				47852EB5239B4C270036178A /* AppDelegate.swift in Sources */,
				47852F01239B61880036178A /* ErrorResult.swift in Sources */,
				47852EF2239B52330036178A /* TrafficCamerasInteractor.swift in Sources */,
				47852EFF239B61650036178A /* Result.swift in Sources */,
			);
			runOnlyForDeploymentPostprocessing = 0;
		};
		47852EC1239B4C290036178A /* Sources */ = {
			isa = PBXSourcesBuildPhase;
			buildActionMask = 2147483647;
			files = (
				476B76D2239BECC300887FB9 /* CameraTests.swift in Sources */,
				476B76CA239BE48400887FB9 /* TrafficCamerasInteractorTests.swift in Sources */,
				476B76C3239BE26C00887FB9 /* PreviewInteractorTests.swift in Sources */,
				476B76C1239BE07100887FB9 /* TrafficCameraServiceTests.swift in Sources */,
				476B76CB239BE48400887FB9 /* TrafficCamerasPresenterTests.swift in Sources */,
				476B76BC239BDFCD00887FB9 /* URLExtensionsTests.swift in Sources */,
				476B76CD239BE8B400887FB9 /* TrafficCamerasWorkerTests.swift in Sources */,
				476B76C5239BE37E00887FB9 /* PreviewPresenterTests.swift in Sources */,
			);
			runOnlyForDeploymentPostprocessing = 0;
		};
		47852ECC239B4C290036178A /* Sources */ = {
			isa = PBXSourcesBuildPhase;
			buildActionMask = 2147483647;
			files = (
				47852ED5239B4C290036178A /* SingaporeEyesUITests.swift in Sources */,
			);
			runOnlyForDeploymentPostprocessing = 0;
		};
/* End PBXSourcesBuildPhase section */

/* Begin PBXTargetDependency section */
		47852EC7239B4C290036178A /* PBXTargetDependency */ = {
			isa = PBXTargetDependency;
			target = 47852EB0239B4C270036178A /* SingaporeEyes */;
			targetProxy = 47852EC6239B4C290036178A /* PBXContainerItemProxy */;
		};
		47852ED2239B4C290036178A /* PBXTargetDependency */ = {
			isa = PBXTargetDependency;
			target = 47852EB0239B4C270036178A /* SingaporeEyes */;
			targetProxy = 47852ED1239B4C290036178A /* PBXContainerItemProxy */;
		};
/* End PBXTargetDependency section */

/* Begin PBXVariantGroup section */
		47852EB8239B4C270036178A /* Main.storyboard */ = {
			isa = PBXVariantGroup;
			children = (
				47852EB9239B4C270036178A /* Base */,
			);
			name = Main.storyboard;
			sourceTree = "<group>";
		};
		47852EBD239B4C280036178A /* LaunchScreen.storyboard */ = {
			isa = PBXVariantGroup;
			children = (
				47852EBE239B4C280036178A /* Base */,
			);
			name = LaunchScreen.storyboard;
			sourceTree = "<group>";
		};
/* End PBXVariantGroup section */

/* Begin XCBuildConfiguration section */
		47852ED7239B4C290036178A /* Debug */ = {
			isa = XCBuildConfiguration;
			buildSettings = {
				ALWAYS_SEARCH_USER_PATHS = NO;
				CLANG_ANALYZER_NONNULL = YES;
				CLANG_ANALYZER_NUMBER_OBJECT_CONVERSION = YES_AGGRESSIVE;
				CLANG_CXX_LANGUAGE_STANDARD = "gnu++14";
				CLANG_CXX_LIBRARY = "libc++";
				CLANG_ENABLE_MODULES = YES;
				CLANG_ENABLE_OBJC_ARC = YES;
				CLANG_ENABLE_OBJC_WEAK = YES;
				CLANG_WARN_BLOCK_CAPTURE_AUTORELEASING = YES;
				CLANG_WARN_BOOL_CONVERSION = YES;
				CLANG_WARN_COMMA = YES;
				CLANG_WARN_CONSTANT_CONVERSION = YES;
				CLANG_WARN_DEPRECATED_OBJC_IMPLEMENTATIONS = YES;
				CLANG_WARN_DIRECT_OBJC_ISA_USAGE = YES_ERROR;
				CLANG_WARN_DOCUMENTATION_COMMENTS = YES;
				CLANG_WARN_EMPTY_BODY = YES;
				CLANG_WARN_ENUM_CONVERSION = YES;
				CLANG_WARN_INFINITE_RECURSION = YES;
				CLANG_WARN_INT_CONVERSION = YES;
				CLANG_WARN_NON_LITERAL_NULL_CONVERSION = YES;
				CLANG_WARN_OBJC_IMPLICIT_RETAIN_SELF = YES;
				CLANG_WARN_OBJC_LITERAL_CONVERSION = YES;
				CLANG_WARN_OBJC_ROOT_CLASS = YES_ERROR;
				CLANG_WARN_RANGE_LOOP_ANALYSIS = YES;
				CLANG_WARN_STRICT_PROTOTYPES = YES;
				CLANG_WARN_SUSPICIOUS_MOVE = YES;
				CLANG_WARN_UNGUARDED_AVAILABILITY = YES_AGGRESSIVE;
				CLANG_WARN_UNREACHABLE_CODE = YES;
				CLANG_WARN__DUPLICATE_METHOD_MATCH = YES;
				CODE_SIGN_IDENTITY = "iPhone Developer";
				COPY_PHASE_STRIP = NO;
				DEBUG_INFORMATION_FORMAT = dwarf;
				ENABLE_STRICT_OBJC_MSGSEND = YES;
				ENABLE_TESTABILITY = YES;
				GCC_C_LANGUAGE_STANDARD = gnu11;
				GCC_DYNAMIC_NO_PIC = NO;
				GCC_NO_COMMON_BLOCKS = YES;
				GCC_OPTIMIZATION_LEVEL = 0;
				GCC_PREPROCESSOR_DEFINITIONS = (
					"DEBUG=1",
					"$(inherited)",
				);
				GCC_WARN_64_TO_32_BIT_CONVERSION = YES;
				GCC_WARN_ABOUT_RETURN_TYPE = YES_ERROR;
				GCC_WARN_UNDECLARED_SELECTOR = YES;
				GCC_WARN_UNINITIALIZED_AUTOS = YES_AGGRESSIVE;
				GCC_WARN_UNUSED_FUNCTION = YES;
				GCC_WARN_UNUSED_VARIABLE = YES;
				IPHONEOS_DEPLOYMENT_TARGET = 12.1;
				MTL_ENABLE_DEBUG_INFO = INCLUDE_SOURCE;
				MTL_FAST_MATH = YES;
				ONLY_ACTIVE_ARCH = YES;
				SDKROOT = iphoneos;
				SWIFT_ACTIVE_COMPILATION_CONDITIONS = DEBUG;
				SWIFT_OPTIMIZATION_LEVEL = "-Onone";
			};
			name = Debug;
		};
		47852ED8239B4C290036178A /* Release */ = {
			isa = XCBuildConfiguration;
			buildSettings = {
				ALWAYS_SEARCH_USER_PATHS = NO;
				CLANG_ANALYZER_NONNULL = YES;
				CLANG_ANALYZER_NUMBER_OBJECT_CONVERSION = YES_AGGRESSIVE;
				CLANG_CXX_LANGUAGE_STANDARD = "gnu++14";
				CLANG_CXX_LIBRARY = "libc++";
				CLANG_ENABLE_MODULES = YES;
				CLANG_ENABLE_OBJC_ARC = YES;
				CLANG_ENABLE_OBJC_WEAK = YES;
				CLANG_WARN_BLOCK_CAPTURE_AUTORELEASING = YES;
				CLANG_WARN_BOOL_CONVERSION = YES;
				CLANG_WARN_COMMA = YES;
				CLANG_WARN_CONSTANT_CONVERSION = YES;
				CLANG_WARN_DEPRECATED_OBJC_IMPLEMENTATIONS = YES;
				CLANG_WARN_DIRECT_OBJC_ISA_USAGE = YES_ERROR;
				CLANG_WARN_DOCUMENTATION_COMMENTS = YES;
				CLANG_WARN_EMPTY_BODY = YES;
				CLANG_WARN_ENUM_CONVERSION = YES;
				CLANG_WARN_INFINITE_RECURSION = YES;
				CLANG_WARN_INT_CONVERSION = YES;
				CLANG_WARN_NON_LITERAL_NULL_CONVERSION = YES;
				CLANG_WARN_OBJC_IMPLICIT_RETAIN_SELF = YES;
				CLANG_WARN_OBJC_LITERAL_CONVERSION = YES;
				CLANG_WARN_OBJC_ROOT_CLASS = YES_ERROR;
				CLANG_WARN_RANGE_LOOP_ANALYSIS = YES;
				CLANG_WARN_STRICT_PROTOTYPES = YES;
				CLANG_WARN_SUSPICIOUS_MOVE = YES;
				CLANG_WARN_UNGUARDED_AVAILABILITY = YES_AGGRESSIVE;
				CLANG_WARN_UNREACHABLE_CODE = YES;
				CLANG_WARN__DUPLICATE_METHOD_MATCH = YES;
				CODE_SIGN_IDENTITY = "iPhone Developer";
				COPY_PHASE_STRIP = NO;
				DEBUG_INFORMATION_FORMAT = "dwarf-with-dsym";
				ENABLE_NS_ASSERTIONS = NO;
				ENABLE_STRICT_OBJC_MSGSEND = YES;
				GCC_C_LANGUAGE_STANDARD = gnu11;
				GCC_NO_COMMON_BLOCKS = YES;
				GCC_WARN_64_TO_32_BIT_CONVERSION = YES;
				GCC_WARN_ABOUT_RETURN_TYPE = YES_ERROR;
				GCC_WARN_UNDECLARED_SELECTOR = YES;
				GCC_WARN_UNINITIALIZED_AUTOS = YES_AGGRESSIVE;
				GCC_WARN_UNUSED_FUNCTION = YES;
				GCC_WARN_UNUSED_VARIABLE = YES;
				IPHONEOS_DEPLOYMENT_TARGET = 12.1;
				MTL_ENABLE_DEBUG_INFO = NO;
				MTL_FAST_MATH = YES;
				SDKROOT = iphoneos;
				SWIFT_COMPILATION_MODE = wholemodule;
				SWIFT_OPTIMIZATION_LEVEL = "-O";
				VALIDATE_PRODUCT = YES;
			};
			name = Release;
		};
		47852EDA239B4C290036178A /* Debug */ = {
			isa = XCBuildConfiguration;
			baseConfigurationReference = 5B6D12D8E4074458A461E378 /* Pods-SingaporeEyes.debug.xcconfig */;
			buildSettings = {
				ASSETCATALOG_COMPILER_APPICON_NAME = AppIcon;
				CODE_SIGN_STYLE = Automatic;
				DEVELOPMENT_TEAM = 88J8X2632T;
				INFOPLIST_FILE = SingaporeEyes/Info.plist;
				LD_RUNPATH_SEARCH_PATHS = (
					"$(inherited)",
					"@executable_path/Frameworks",
				);
				PRODUCT_BUNDLE_IDENTIFIER = org.test.SingaporeEyes;
				PRODUCT_NAME = "$(TARGET_NAME)";
				SWIFT_VERSION = 4.2;
				TARGETED_DEVICE_FAMILY = "1,2";
			};
			name = Debug;
		};
		47852EDB239B4C290036178A /* Release */ = {
			isa = XCBuildConfiguration;
			baseConfigurationReference = 234BBA7C395E90D7CA13B441 /* Pods-SingaporeEyes.release.xcconfig */;
			buildSettings = {
				ASSETCATALOG_COMPILER_APPICON_NAME = AppIcon;
				CODE_SIGN_STYLE = Automatic;
				DEVELOPMENT_TEAM = 88J8X2632T;
				INFOPLIST_FILE = SingaporeEyes/Info.plist;
				LD_RUNPATH_SEARCH_PATHS = (
					"$(inherited)",
					"@executable_path/Frameworks",
				);
				PRODUCT_BUNDLE_IDENTIFIER = org.test.SingaporeEyes;
				PRODUCT_NAME = "$(TARGET_NAME)";
				SWIFT_VERSION = 4.2;
				TARGETED_DEVICE_FAMILY = "1,2";
			};
			name = Release;
		};
		47852EDD239B4C290036178A /* Debug */ = {
			isa = XCBuildConfiguration;
			baseConfigurationReference = EF500717DD4F526B1E3981EA /* Pods-SingaporeEyesTests.debug.xcconfig */;
			buildSettings = {
				ALWAYS_EMBED_SWIFT_STANDARD_LIBRARIES = YES;
				BUNDLE_LOADER = "$(TEST_HOST)";
				CODE_SIGN_STYLE = Automatic;
				INFOPLIST_FILE = SingaporeEyesTests/Info.plist;
				LD_RUNPATH_SEARCH_PATHS = (
					"$(inherited)",
					"@executable_path/Frameworks",
					"@loader_path/Frameworks",
				);
				PRODUCT_BUNDLE_IDENTIFIER = org.test.SingaporeEyesTests;
				PRODUCT_NAME = "$(TARGET_NAME)";
				SWIFT_VERSION = 4.2;
				TARGETED_DEVICE_FAMILY = "1,2";
				TEST_HOST = "$(BUILT_PRODUCTS_DIR)/SingaporeEyes.app/SingaporeEyes";
			};
			name = Debug;
		};
		47852EDE239B4C290036178A /* Release */ = {
			isa = XCBuildConfiguration;
			baseConfigurationReference = F2F86B5C7B62D48DDC95A4F4 /* Pods-SingaporeEyesTests.release.xcconfig */;
			buildSettings = {
				ALWAYS_EMBED_SWIFT_STANDARD_LIBRARIES = YES;
				BUNDLE_LOADER = "$(TEST_HOST)";
				CODE_SIGN_STYLE = Automatic;
				INFOPLIST_FILE = SingaporeEyesTests/Info.plist;
				LD_RUNPATH_SEARCH_PATHS = (
					"$(inherited)",
					"@executable_path/Frameworks",
					"@loader_path/Frameworks",
				);
				PRODUCT_BUNDLE_IDENTIFIER = org.test.SingaporeEyesTests;
				PRODUCT_NAME = "$(TARGET_NAME)";
				SWIFT_VERSION = 4.2;
				TARGETED_DEVICE_FAMILY = "1,2";
				TEST_HOST = "$(BUILT_PRODUCTS_DIR)/SingaporeEyes.app/SingaporeEyes";
			};
			name = Release;
		};
		47852EE0239B4C290036178A /* Debug */ = {
			isa = XCBuildConfiguration;
			baseConfigurationReference = EBF6A4C548472E23618723BE /* Pods-SingaporeEyes-SingaporeEyesUITests.debug.xcconfig */;
			buildSettings = {
				ALWAYS_EMBED_SWIFT_STANDARD_LIBRARIES = YES;
				CODE_SIGN_STYLE = Automatic;
				INFOPLIST_FILE = SingaporeEyesUITests/Info.plist;
				LD_RUNPATH_SEARCH_PATHS = (
					"$(inherited)",
					"@executable_path/Frameworks",
					"@loader_path/Frameworks",
				);
				PRODUCT_BUNDLE_IDENTIFIER = org.test.SingaporeEyesUITests;
				PRODUCT_NAME = "$(TARGET_NAME)";
				SWIFT_VERSION = 4.2;
				TARGETED_DEVICE_FAMILY = "1,2";
				TEST_TARGET_NAME = SingaporeEyes;
			};
			name = Debug;
		};
		47852EE1239B4C290036178A /* Release */ = {
			isa = XCBuildConfiguration;
			baseConfigurationReference = 750FF7C9B5ADF64B2BD207E6 /* Pods-SingaporeEyes-SingaporeEyesUITests.release.xcconfig */;
			buildSettings = {
				ALWAYS_EMBED_SWIFT_STANDARD_LIBRARIES = YES;
				CODE_SIGN_STYLE = Automatic;
				INFOPLIST_FILE = SingaporeEyesUITests/Info.plist;
				LD_RUNPATH_SEARCH_PATHS = (
					"$(inherited)",
					"@executable_path/Frameworks",
					"@loader_path/Frameworks",
				);
				PRODUCT_BUNDLE_IDENTIFIER = org.test.SingaporeEyesUITests;
				PRODUCT_NAME = "$(TARGET_NAME)";
				SWIFT_VERSION = 4.2;
				TARGETED_DEVICE_FAMILY = "1,2";
				TEST_TARGET_NAME = SingaporeEyes;
			};
			name = Release;
		};
/* End XCBuildConfiguration section */

/* Begin XCConfigurationList section */
		47852EAC239B4C270036178A /* Build configuration list for PBXProject "SingaporeEyes" */ = {
			isa = XCConfigurationList;
			buildConfigurations = (
				47852ED7239B4C290036178A /* Debug */,
				47852ED8239B4C290036178A /* Release */,
			);
			defaultConfigurationIsVisible = 0;
			defaultConfigurationName = Release;
		};
		47852ED9239B4C290036178A /* Build configuration list for PBXNativeTarget "SingaporeEyes" */ = {
			isa = XCConfigurationList;
			buildConfigurations = (
				47852EDA239B4C290036178A /* Debug */,
				47852EDB239B4C290036178A /* Release */,
			);
			defaultConfigurationIsVisible = 0;
			defaultConfigurationName = Release;
		};
		47852EDC239B4C290036178A /* Build configuration list for PBXNativeTarget "SingaporeEyesTests" */ = {
			isa = XCConfigurationList;
			buildConfigurations = (
				47852EDD239B4C290036178A /* Debug */,
				47852EDE239B4C290036178A /* Release */,
			);
			defaultConfigurationIsVisible = 0;
			defaultConfigurationName = Release;
		};
		47852EDF239B4C290036178A /* Build configuration list for PBXNativeTarget "SingaporeEyesUITests" */ = {
			isa = XCConfigurationList;
			buildConfigurations = (
				47852EE0239B4C290036178A /* Debug */,
				47852EE1239B4C290036178A /* Release */,
			);
			defaultConfigurationIsVisible = 0;
			defaultConfigurationName = Release;
		};
/* End XCConfigurationList section */
	};
	rootObject = 47852EA9239B4C270036178A /* Project object */;
}
